// !$*UTF8*$!
{
	archiveVersion = 1;
	classes = {
	};
	objectVersion = 55;
	objects = {

/* Begin PBXBuildFile section */
		9FC34B9628BF5467008DE9FC /* AppDelegate.swift in Sources */ = {isa = PBXBuildFile; fileRef = 9FC34B9528BF5467008DE9FC /* AppDelegate.swift */; };
		9FC34B9828BF5467008DE9FC /* SceneDelegate.swift in Sources */ = {isa = PBXBuildFile; fileRef = 9FC34B9728BF5467008DE9FC /* SceneDelegate.swift */; };
		9FC34B9A28BF5467008DE9FC /* TableViewController.swift in Sources */ = {isa = PBXBuildFile; fileRef = 9FC34B9928BF5467008DE9FC /* TableViewController.swift */; };
		9FC34B9D28BF5467008DE9FC /* Main.storyboard in Resources */ = {isa = PBXBuildFile; fileRef = 9FC34B9B28BF5467008DE9FC /* Main.storyboard */; };
		9FC34B9F28BF546A008DE9FC /* Assets.xcassets in Resources */ = {isa = PBXBuildFile; fileRef = 9FC34B9E28BF546A008DE9FC /* Assets.xcassets */; };
		9FC34BA228BF546A008DE9FC /* LaunchScreen.storyboard in Resources */ = {isa = PBXBuildFile; fileRef = 9FC34BA028BF546A008DE9FC /* LaunchScreen.storyboard */; };
		9FC34BAA28BF63DD008DE9FC /* ApiCaller.swift in Sources */ = {isa = PBXBuildFile; fileRef = 9FC34BA928BF63DD008DE9FC /* ApiCaller.swift */; };
		9FC34BB228BF665E008DE9FC /* MovieData.swift in Sources */ = {isa = PBXBuildFile; fileRef = 9FC34BB128BF665E008DE9FC /* MovieData.swift */; };
		9FC34BB628BF66E1008DE9FC /* IMDBApiResult.swift in Sources */ = {isa = PBXBuildFile; fileRef = 9FC34BB528BF66E1008DE9FC /* IMDBApiResult.swift */; };
		9FC34BB928BF6CD9008DE9FC /* ApiCaller+ApiKey.swift in Sources */ = {isa = PBXBuildFile; fileRef = 9FC34BB828BF6CD9008DE9FC /* ApiCaller+ApiKey.swift */; };
/* End PBXBuildFile section */

/* Begin PBXFileReference section */
		9FC34B9228BF5467008DE9FC /* myMoviesApp.app */ = {isa = PBXFileReference; explicitFileType = wrapper.application; includeInIndex = 0; path = myMoviesApp.app; sourceTree = BUILT_PRODUCTS_DIR; };
		9FC34B9528BF5467008DE9FC /* AppDelegate.swift */ = {isa = PBXFileReference; lastKnownFileType = sourcecode.swift; path = AppDelegate.swift; sourceTree = "<group>"; };
		9FC34B9728BF5467008DE9FC /* SceneDelegate.swift */ = {isa = PBXFileReference; lastKnownFileType = sourcecode.swift; path = SceneDelegate.swift; sourceTree = "<group>"; };
		9FC34B9928BF5467008DE9FC /* TableViewController.swift */ = {isa = PBXFileReference; lastKnownFileType = sourcecode.swift; path = TableViewController.swift; sourceTree = "<group>"; };
		9FC34B9C28BF5467008DE9FC /* Base */ = {isa = PBXFileReference; lastKnownFileType = file.storyboard; name = Base; path = Base.lproj/Main.storyboard; sourceTree = "<group>"; };
		9FC34B9E28BF546A008DE9FC /* Assets.xcassets */ = {isa = PBXFileReference; lastKnownFileType = folder.assetcatalog; path = Assets.xcassets; sourceTree = "<group>"; };
		9FC34BA128BF546A008DE9FC /* Base */ = {isa = PBXFileReference; lastKnownFileType = file.storyboard; name = Base; path = Base.lproj/LaunchScreen.storyboard; sourceTree = "<group>"; };
		9FC34BA328BF546A008DE9FC /* Info.plist */ = {isa = PBXFileReference; lastKnownFileType = text.plist.xml; path = Info.plist; sourceTree = "<group>"; };
		9FC34BA928BF63DD008DE9FC /* ApiCaller.swift */ = {isa = PBXFileReference; lastKnownFileType = sourcecode.swift; path = ApiCaller.swift; sourceTree = "<group>"; };
		9FC34BB128BF665E008DE9FC /* MovieData.swift */ = {isa = PBXFileReference; lastKnownFileType = sourcecode.swift; path = MovieData.swift; sourceTree = "<group>"; };
		9FC34BB528BF66E1008DE9FC /* IMDBApiResult.swift */ = {isa = PBXFileReference; lastKnownFileType = sourcecode.swift; path = IMDBApiResult.swift; sourceTree = "<group>"; };
		9FC34BB828BF6CD9008DE9FC /* ApiCaller+ApiKey.swift */ = {isa = PBXFileReference; lastKnownFileType = sourcecode.swift; path = "ApiCaller+ApiKey.swift"; sourceTree = "<group>"; };
/* End PBXFileReference section */

/* Begin PBXFrameworksBuildPhase section */
		9FC34B8F28BF5467008DE9FC /* Frameworks */ = {
			isa = PBXFrameworksBuildPhase;
			buildActionMask = 2147483647;
			files = (
			);
			runOnlyForDeploymentPostprocessing = 0;
		};
/* End PBXFrameworksBuildPhase section */

/* Begin PBXGroup section */
		9FC34B8928BF5467008DE9FC = {
			isa = PBXGroup;
			children = (
				9FC34B9428BF5467008DE9FC /* myMoviesApp */,
				9FC34B9328BF5467008DE9FC /* Products */,
			);
			sourceTree = "<group>";
		};
		9FC34B9328BF5467008DE9FC /* Products */ = {
			isa = PBXGroup;
			children = (
				9FC34B9228BF5467008DE9FC /* myMoviesApp.app */,
			);
			name = Products;
			sourceTree = "<group>";
		};
		9FC34B9428BF5467008DE9FC /* myMoviesApp */ = {
			isa = PBXGroup;
			children = (
				9FC34BBA28BF8092008DE9FC /* IMDBApi */,
				9FC34B9528BF5467008DE9FC /* AppDelegate.swift */,
				9FC34B9728BF5467008DE9FC /* SceneDelegate.swift */,
				9FC34B9928BF5467008DE9FC /* TableViewController.swift */,
				9FC34B9B28BF5467008DE9FC /* Main.storyboard */,
				9FC34B9E28BF546A008DE9FC /* Assets.xcassets */,
				9FC34BA028BF546A008DE9FC /* LaunchScreen.storyboard */,
				9FC34BA328BF546A008DE9FC /* Info.plist */,
			);
			path = myMoviesApp;
			sourceTree = "<group>";
		};
		9FC34BBA28BF8092008DE9FC /* IMDBApi */ = {
			isa = PBXGroup;
			children = (
				9FC34BA928BF63DD008DE9FC /* ApiCaller.swift */,
				9FC34BB828BF6CD9008DE9FC /* ApiCaller+ApiKey.swift */,
				9FC34BB128BF665E008DE9FC /* MovieData.swift */,
				9FC34BB528BF66E1008DE9FC /* IMDBApiResult.swift */,
			);
			path = IMDBApi;
			sourceTree = "<group>";
		};
/* End PBXGroup section */

/* Begin PBXNativeTarget section */
		9FC34B9128BF5467008DE9FC /* myMoviesApp */ = {
			isa = PBXNativeTarget;
			buildConfigurationList = 9FC34BA628BF546A008DE9FC /* Build configuration list for PBXNativeTarget "myMoviesApp" */;
			buildPhases = (
				9FC34B8E28BF5467008DE9FC /* Sources */,
				9FC34B8F28BF5467008DE9FC /* Frameworks */,
				9FC34B9028BF5467008DE9FC /* Resources */,
			);
			buildRules = (
			);
			dependencies = (
			);
			name = myMoviesApp;
			productName = myMoviesApp;
			productReference = 9FC34B9228BF5467008DE9FC /* myMoviesApp.app */;
			productType = "com.apple.product-type.application";
		};
/* End PBXNativeTarget section */

/* Begin PBXProject section */
		9FC34B8A28BF5467008DE9FC /* Project object */ = {
			isa = PBXProject;
			attributes = {
				BuildIndependentTargetsInParallel = 1;
				LastSwiftUpdateCheck = 1320;
				LastUpgradeCheck = 1320;
				TargetAttributes = {
					9FC34B9128BF5467008DE9FC = {
						CreatedOnToolsVersion = 13.2.1;
					};
				};
			};
			buildConfigurationList = 9FC34B8D28BF5467008DE9FC /* Build configuration list for PBXProject "myMoviesApp" */;
			compatibilityVersion = "Xcode 13.0";
			developmentRegion = en;
			hasScannedForEncodings = 0;
			knownRegions = (
				en,
				Base,
			);
			mainGroup = 9FC34B8928BF5467008DE9FC;
			productRefGroup = 9FC34B9328BF5467008DE9FC /* Products */;
			projectDirPath = "";
			projectRoot = "";
			targets = (
				9FC34B9128BF5467008DE9FC /* myMoviesApp */,
			);
		};
/* End PBXProject section */

/* Begin PBXResourcesBuildPhase section */
		9FC34B9028BF5467008DE9FC /* Resources */ = {
			isa = PBXResourcesBuildPhase;
			buildActionMask = 2147483647;
			files = (
				9FC34BA228BF546A008DE9FC /* LaunchScreen.storyboard in Resources */,
				9FC34B9F28BF546A008DE9FC /* Assets.xcassets in Resources */,
				9FC34B9D28BF5467008DE9FC /* Main.storyboard in Resources */,
			);
			runOnlyForDeploymentPostprocessing = 0;
		};
/* End PBXResourcesBuildPhase section */

/* Begin PBXSourcesBuildPhase section */
		9FC34B8E28BF5467008DE9FC /* Sources */ = {
			isa = PBXSourcesBuildPhase;
			buildActionMask = 2147483647;
			files = (
				9FC34BB228BF665E008DE9FC /* MovieData.swift in Sources */,
				9FC34B9A28BF5467008DE9FC /* TableViewController.swift in Sources */,
				9FC34BB628BF66E1008DE9FC /* IMDBApiResult.swift in Sources */,
				9FC34B9628BF5467008DE9FC /* AppDelegate.swift in Sources */,
				9FC34B9828BF5467008DE9FC /* SceneDelegate.swift in Sources */,
				9FC34BB928BF6CD9008DE9FC /* ApiCaller+ApiKey.swift in Sources */,
				9FC34BAA28BF63DD008DE9FC /* ApiCaller.swift in Sources */,
			);
			runOnlyForDeploymentPostprocessing = 0;
		};
/* End PBXSourcesBuildPhase section */

/* Begin PBXVariantGroup section */
		9FC34B9B28BF5467008DE9FC /* Main.storyboard */ = {
			isa = PBXVariantGroup;
			children = (
				9FC34B9C28BF5467008DE9FC /* Base */,
			);
			name = Main.storyboard;
			sourceTree = "<group>";
		};
		9FC34BA028BF546A008DE9FC /* LaunchScreen.storyboard */ = {
			isa = PBXVariantGroup;
			children = (
				9FC34BA128BF546A008DE9FC /* Base */,
			);
			name = LaunchScreen.storyboard;
			sourceTree = "<group>";
		};
/* End PBXVariantGroup section */

/* Begin XCBuildConfiguration section */
		9FC34BA428BF546A008DE9FC /* Debug */ = {
			isa = XCBuildConfiguration;
			buildSettings = {
				ALWAYS_SEARCH_USER_PATHS = NO;
				CLANG_ANALYZER_NONNULL = YES;
				CLANG_ANALYZER_NUMBER_OBJECT_CONVERSION = YES_AGGRESSIVE;
				CLANG_CXX_LANGUAGE_STANDARD = "gnu++17";
				CLANG_CXX_LIBRARY = "libc++";
				CLANG_ENABLE_MODULES = YES;
				CLANG_ENABLE_OBJC_ARC = YES;
				CLANG_ENABLE_OBJC_WEAK = YES;
				CLANG_WARN_BLOCK_CAPTURE_AUTORELEASING = YES;
				CLANG_WARN_BOOL_CONVERSION = YES;
				CLANG_WARN_COMMA = YES;
				CLANG_WARN_CONSTANT_CONVERSION = YES;
				CLANG_WARN_DEPRECATED_OBJC_IMPLEMENTATIONS = YES;
				CLANG_WARN_DIRECT_OBJC_ISA_USAGE = YES_ERROR;
				CLANG_WARN_DOCUMENTATION_COMMENTS = YES;
				CLANG_WARN_EMPTY_BODY = YES;
				CLANG_WARN_ENUM_CONVERSION = YES;
				CLANG_WARN_INFINITE_RECURSION = YES;
				CLANG_WARN_INT_CONVERSION = YES;
				CLANG_WARN_NON_LITERAL_NULL_CONVERSION = YES;
				CLANG_WARN_OBJC_IMPLICIT_RETAIN_SELF = YES;
				CLANG_WARN_OBJC_LITERAL_CONVERSION = YES;
				CLANG_WARN_OBJC_ROOT_CLASS = YES_ERROR;
				CLANG_WARN_QUOTED_INCLUDE_IN_FRAMEWORK_HEADER = YES;
				CLANG_WARN_RANGE_LOOP_ANALYSIS = YES;
				CLANG_WARN_STRICT_PROTOTYPES = YES;
				CLANG_WARN_SUSPICIOUS_MOVE = YES;
				CLANG_WARN_UNGUARDED_AVAILABILITY = YES_AGGRESSIVE;
				CLANG_WARN_UNREACHABLE_CODE = YES;
				CLANG_WARN__DUPLICATE_METHOD_MATCH = YES;
				COPY_PHASE_STRIP = NO;
				DEBUG_INFORMATION_FORMAT = dwarf;
				ENABLE_STRICT_OBJC_MSGSEND = YES;
				ENABLE_TESTABILITY = YES;
				GCC_C_LANGUAGE_STANDARD = gnu11;
				GCC_DYNAMIC_NO_PIC = NO;
				GCC_NO_COMMON_BLOCKS = YES;
				GCC_OPTIMIZATION_LEVEL = 0;
				GCC_PREPROCESSOR_DEFINITIONS = (
					"DEBUG=1",
					"$(inherited)",
				);
				GCC_WARN_64_TO_32_BIT_CONVERSION = YES;
				GCC_WARN_ABOUT_RETURN_TYPE = YES_ERROR;
				GCC_WARN_UNDECLARED_SELECTOR = YES;
				GCC_WARN_UNINITIALIZED_AUTOS = YES_AGGRESSIVE;
				GCC_WARN_UNUSED_FUNCTION = YES;
				GCC_WARN_UNUSED_VARIABLE = YES;
				IPHONEOS_DEPLOYMENT_TARGET = 15.2;
				MTL_ENABLE_DEBUG_INFO = INCLUDE_SOURCE;
				MTL_FAST_MATH = YES;
				ONLY_ACTIVE_ARCH = YES;
				SDKROOT = iphoneos;
				SWIFT_ACTIVE_COMPILATION_CONDITIONS = DEBUG;
				SWIFT_OPTIMIZATION_LEVEL = "-Onone";
			};
			name = Debug;
		};
		9FC34BA528BF546A008DE9FC /* Release */ = {
			isa = XCBuildConfiguration;
			buildSettings = {
				ALWAYS_SEARCH_USER_PATHS = NO;
				CLANG_ANALYZER_NONNULL = YES;
				CLANG_ANALYZER_NUMBER_OBJECT_CONVERSION = YES_AGGRESSIVE;
				CLANG_CXX_LANGUAGE_STANDARD = "gnu++17";
				CLANG_CXX_LIBRARY = "libc++";
				CLANG_ENABLE_MODULES = YES;
				CLANG_ENABLE_OBJC_ARC = YES;
				CLANG_ENABLE_OBJC_WEAK = YES;
				CLANG_WARN_BLOCK_CAPTURE_AUTORELEASING = YES;
				CLANG_WARN_BOOL_CONVERSION = YES;
				CLANG_WARN_COMMA = YES;
				CLANG_WARN_CONSTANT_CONVERSION = YES;
				CLANG_WARN_DEPRECATED_OBJC_IMPLEMENTATIONS = YES;
				CLANG_WARN_DIRECT_OBJC_ISA_USAGE = YES_ERROR;
				CLANG_WARN_DOCUMENTATION_COMMENTS = YES;
				CLANG_WARN_EMPTY_BODY = YES;
				CLANG_WARN_ENUM_CONVERSION = YES;
				CLANG_WARN_INFINITE_RECURSION = YES;
				CLANG_WARN_INT_CONVERSION = YES;
				CLANG_WARN_NON_LITERAL_NULL_CONVERSION = YES;
				CLANG_WARN_OBJC_IMPLICIT_RETAIN_SELF = YES;
				CLANG_WARN_OBJC_LITERAL_CONVERSION = YES;
				CLANG_WARN_OBJC_ROOT_CLASS = YES_ERROR;
				CLANG_WARN_QUOTED_INCLUDE_IN_FRAMEWORK_HEADER = YES;
				CLANG_WARN_RANGE_LOOP_ANALYSIS = YES;
				CLANG_WARN_STRICT_PROTOTYPES = YES;
				CLANG_WARN_SUSPICIOUS_MOVE = YES;
				CLANG_WARN_UNGUARDED_AVAILABILITY = YES_AGGRESSIVE;
				CLANG_WARN_UNREACHABLE_CODE = YES;
				CLANG_WARN__DUPLICATE_METHOD_MATCH = YES;
				COPY_PHASE_STRIP = NO;
				DEBUG_INFORMATION_FORMAT = "dwarf-with-dsym";
				ENABLE_NS_ASSERTIONS = NO;
				ENABLE_STRICT_OBJC_MSGSEND = YES;
				GCC_C_LANGUAGE_STANDARD = gnu11;
				GCC_NO_COMMON_BLOCKS = YES;
				GCC_WARN_64_TO_32_BIT_CONVERSION = YES;
				GCC_WARN_ABOUT_RETURN_TYPE = YES_ERROR;
				GCC_WARN_UNDECLARED_SELECTOR = YES;
				GCC_WARN_UNINITIALIZED_AUTOS = YES_AGGRESSIVE;
				GCC_WARN_UNUSED_FUNCTION = YES;
				GCC_WARN_UNUSED_VARIABLE = YES;
				IPHONEOS_DEPLOYMENT_TARGET = 15.2;
				MTL_ENABLE_DEBUG_INFO = NO;
				MTL_FAST_MATH = YES;
				SDKROOT = iphoneos;
				SWIFT_COMPILATION_MODE = wholemodule;
				SWIFT_OPTIMIZATION_LEVEL = "-O";
				VALIDATE_PRODUCT = YES;
			};
			name = Release;
		};
		9FC34BA728BF546A008DE9FC /* Debug */ = {
			isa = XCBuildConfiguration;
			buildSettings = {
				ASSETCATALOG_COMPILER_APPICON_NAME = AppIcon;
				ASSETCATALOG_COMPILER_GLOBAL_ACCENT_COLOR_NAME = AccentColor;
				CODE_SIGN_STYLE = Automatic;
				CURRENT_PROJECT_VERSION = 1;
				DEVELOPMENT_TEAM = 77882PL387;
				GENERATE_INFOPLIST_FILE = YES;
				INFOPLIST_FILE = myMoviesApp/Info.plist;
				INFOPLIST_KEY_UIApplicationSupportsIndirectInputEvents = YES;
				INFOPLIST_KEY_UILaunchStoryboardName = LaunchScreen;
				INFOPLIST_KEY_UIMainStoryboardFile = Main;
				INFOPLIST_KEY_UISupportedInterfaceOrientations_iPad = "UIInterfaceOrientationPortrait UIInterfaceOrientationPortraitUpsideDown UIInterfaceOrientationLandscapeLeft UIInterfaceOrientationLandscapeRight";
				INFOPLIST_KEY_UISupportedInterfaceOrientations_iPhone = "UIInterfaceOrientationPortrait UIInterfaceOrientationLandscapeLeft UIInterfaceOrientationLandscapeRight";
				LD_RUNPATH_SEARCH_PATHS = (
					"$(inherited)",
					"@executable_path/Frameworks",
				);
				MARKETING_VERSION = 1.0;
				PRODUCT_BUNDLE_IDENTIFIER = com.teddy.jh.myMoviesApp;
				PRODUCT_NAME = "$(TARGET_NAME)";
				SWIFT_EMIT_LOC_STRINGS = YES;
				SWIFT_VERSION = 5.0;
				TARGETED_DEVICE_FAMILY = "1,2";
			};
			name = Debug;
		};
		9FC34BA828BF546A008DE9FC /* Release */ = {
			isa = XCBuildConfiguration;
			buildSettings = {
				ASSETCATALOG_COMPILER_APPICON_NAME = AppIcon;
				ASSETCATALOG_COMPILER_GLOBAL_ACCENT_COLOR_NAME = AccentColor;
				CODE_SIGN_STYLE = Automatic;
				CURRENT_PROJECT_VERSION = 1;
				DEVELOPMENT_TEAM = 77882PL387;
				GENERATE_INFOPLIST_FILE = YES;
				INFOPLIST_FILE = myMoviesApp/Info.plist;
				INFOPLIST_KEY_UIApplicationSupportsIndirectInputEvents = YES;
				INFOPLIST_KEY_UILaunchStoryboardName = LaunchScreen;
				INFOPLIST_KEY_UIMainStoryboardFile = Main;
				INFOPLIST_KEY_UISupportedInterfaceOrientations_iPad = "UIInterfaceOrientationPortrait UIInterfaceOrientationPortraitUpsideDown UIInterfaceOrientationLandscapeLeft UIInterfaceOrientationLandscapeRight";
				INFOPLIST_KEY_UISupportedInterfaceOrientations_iPhone = "UIInterfaceOrientationPortrait UIInterfaceOrientationLandscapeLeft UIInterfaceOrientationLandscapeRight";
				LD_RUNPATH_SEARCH_PATHS = (
					"$(inherited)",
					"@executable_path/Frameworks",
				);
				MARKETING_VERSION = 1.0;
				PRODUCT_BUNDLE_IDENTIFIER = com.teddy.jh.myMoviesApp;
				PRODUCT_NAME = "$(TARGET_NAME)";
				SWIFT_EMIT_LOC_STRINGS = YES;
				SWIFT_VERSION = 5.0;
				TARGETED_DEVICE_FAMILY = "1,2";
			};
			name = Release;
		};
/* End XCBuildConfiguration section */

/* Begin XCConfigurationList section */
		9FC34B8D28BF5467008DE9FC /* Build configuration list for PBXProject "myMoviesApp" */ = {
			isa = XCConfigurationList;
			buildConfigurations = (
				9FC34BA428BF546A008DE9FC /* Debug */,
				9FC34BA528BF546A008DE9FC /* Release */,
			);
			defaultConfigurationIsVisible = 0;
			defaultConfigurationName = Release;
		};
		9FC34BA628BF546A008DE9FC /* Build configuration list for PBXNativeTarget "myMoviesApp" */ = {
			isa = XCConfigurationList;
			buildConfigurations = (
				9FC34BA728BF546A008DE9FC /* Debug */,
				9FC34BA828BF546A008DE9FC /* Release */,
			);
			defaultConfigurationIsVisible = 0;
			defaultConfigurationName = Release;
		};
/* End XCConfigurationList section */
	};
	rootObject = 9FC34B8A28BF5467008DE9FC /* Project object */;
}
